
Microsoft Visual Studio Solution File, Format Version 12.00
# Visual Studio Version 17
VisualStudioVersion = 17.5.002.0
MinimumVisualStudioVersion = 10.0.40219.1
Project("{2150E333-8FDC-42A3-9474-1A3956D46DE8}") = "third_party", "third_party", "{B891D7E2-505C-484C-A151-5B2F579E5361}"
EndProject
Project("{2150E333-8FDC-42A3-9474-1A3956D46DE8}") = "flatbuffers", "flatbuffers", "{EB72901E-098B-4B4C-8EF8-DDA33C9BE3CF}"
EndProject
Project("{2150E333-8FDC-42A3-9474-1A3956D46DE8}") = "net", "net", "{35ADC05C-727F-4E44-A273-0BB0A0FE5BA7}"
EndProject
Project("{9A19103F-16F7-4668-BE54-9A1E7A4F7556}") = "Google.FlatBuffers", "third_party\flatbuffers\net\FlatBuffers\Google.FlatBuffers.csproj", "{C50CEBC9-8C7B-4690-9637-745C073BA600}"
EndProject
Global
	GlobalSection(SolutionConfigurationPlatforms) = preSolution
		Debug|Any CPU = Debug|Any CPU
		Release|Any CPU = Release|Any CPU
	EndGlobalSection
	GlobalSection(ProjectConfigurationPlatforms) = postSolution
		{C50CEBC9-8C7B-4690-9637-745C073BA600}.Debug|Any CPU.ActiveCfg = Debug|Any CPU
		{C50CEBC9-8C7B-4690-9637-745C073BA600}.Debug|Any CPU.Build.0 = Debug|Any CPU
		{C50CEBC9-8C7B-4690-9637-745C073BA600}.Release|Any CPU.ActiveCfg = Release|Any CPU
		{C50CEBC9-8C7B-4690-9637-745C073BA600}.Release|Any CPU.Build.0 = Release|Any CPU
	EndGlobalSection
	GlobalSection(SolutionProperties) = preSolution
		HideSolutionNode = FALSE
	EndGlobalSection
	GlobalSection(NestedProjects) = preSolution
		{EB72901E-098B-4B4C-8EF8-DDA33C9BE3CF} = {B891D7E2-505C-484C-A151-5B2F579E5361}
		{35ADC05C-727F-4E44-A273-0BB0A0FE5BA7} = {EB72901E-098B-4B4C-8EF8-DDA33C9BE3CF}
		{C50CEBC9-8C7B-4690-9637-745C073BA600} = {35ADC05C-727F-4E44-A273-0BB0A0FE5BA7}
	EndGlobalSection
	GlobalSection(ExtensibilityGlobals) = postSolution
		SolutionGuid = {C1C5BBE9-589E-459B-86FE-256E38100A6F}
	EndGlobalSection
EndGlobal
